
Microsoft Visual Studio Solution File, Format Version 12.00
# Visual Studio Version 17
VisualStudioVersion = 17.3.32811.315
MinimumVisualStudioVersion = 10.0.40219.1
Project("{FAE04EC0-301F-11D3-BF4B-00C04F79EFBC}") = "Convert", "Convert\Convert.csproj", "{84612A68-6E3C-487D-BB40-ADE5FF6AAEFD}"
EndProject
Global
	GlobalSection(SolutionConfigurationPlatforms) = preSolution
		Debug|Any CPU = Debug|Any CPU
		Release|Any CPU = Release|Any CPU
	EndGlobalSection
	GlobalSection(ProjectConfigurationPlatforms) = postSolution
		{84612A68-6E3C-487D-BB40-ADE5FF6AAEFD}.Debug|Any CPU.ActiveCfg = Debug|Any CPU
		{84612A68-6E3C-487D-BB40-ADE5FF6AAEFD}.Debug|Any CPU.Build.0 = Debug|Any CPU
		{84612A68-6E3C-487D-BB40-ADE5FF6AAEFD}.Release|Any CPU.ActiveCfg = Release|Any CPU
		{84612A68-6E3C-487D-BB40-ADE5FF6AAEFD}.Release|Any CPU.Build.0 = Release|Any CPU
	EndGlobalSection
	GlobalSection(SolutionProperties) = preSolution
		HideSolutionNode = FALSE
	EndGlobalSection
	GlobalSection(ExtensibilityGlobals) = postSolution
		SolutionGuid = {B8242372-9362-43E6-8BC8-BCECFD1EE18E}
	EndGlobalSection
EndGlobal
