
Microsoft Visual Studio Solution File, Format Version 12.00
# Visual Studio Version 17
VisualStudioVersion = 17.4.33122.133
MinimumVisualStudioVersion = 10.0.40219.1
Project("{FAE04EC0-301F-11D3-BF4B-00C04F79EFBC}") = "Database", "Database\Database.csproj", "{B05883A3-DBFC-48D9-AB9F-FE6F90D3129A}"
EndProject
Global
	GlobalSection(SolutionConfigurationPlatforms) = preSolution
		Debug|Any CPU = Debug|Any CPU
		Release|Any CPU = Release|Any CPU
	EndGlobalSection
	GlobalSection(ProjectConfigurationPlatforms) = postSolution
		{B05883A3-DBFC-48D9-AB9F-FE6F90D3129A}.Debug|Any CPU.ActiveCfg = Debug|Any CPU
		{B05883A3-DBFC-48D9-AB9F-FE6F90D3129A}.Debug|Any CPU.Build.0 = Debug|Any CPU
		{B05883A3-DBFC-48D9-AB9F-FE6F90D3129A}.Release|Any CPU.ActiveCfg = Release|Any CPU
		{B05883A3-DBFC-48D9-AB9F-FE6F90D3129A}.Release|Any CPU.Build.0 = Release|Any CPU
	EndGlobalSection
	GlobalSection(SolutionProperties) = preSolution
		HideSolutionNode = FALSE
	EndGlobalSection
	GlobalSection(ExtensibilityGlobals) = postSolution
		SolutionGuid = {1AA3AA98-F981-44DF-AD97-8349A562A82C}
	EndGlobalSection
EndGlobal
